// !$*UTF8*$!
{
	archiveVersion = 1;
	classes = {
	};
	objectVersion = 46;
	objects = {

/* Begin PBXBuildFile section */
		155AD72D1EF1E01A007EA420 /* Photos.storyboard in Resources */ = {isa = PBXBuildFile; fileRef = 155AD72C1EF1E01A007EA420 /* Photos.storyboard */; };
		155AD72F1EF1E1E3007EA420 /* CustomCameraViewController.swift in Sources */ = {isa = PBXBuildFile; fileRef = 155AD72E1EF1E1E3007EA420 /* CustomCameraViewController.swift */; };
		155AD7311EF1E52C007EA420 /* showpictureViewController.swift in Sources */ = {isa = PBXBuildFile; fileRef = 155AD7301EF1E52C007EA420 /* showpictureViewController.swift */; };
		155AD7331EF2D793007EA420 /* testViewController.swift in Sources */ = {isa = PBXBuildFile; fileRef = 155AD7321EF2D793007EA420 /* testViewController.swift */; };
		155AD7351EF48045007EA420 /* Welcome.storyboard in Resources */ = {isa = PBXBuildFile; fileRef = 155AD7341EF48045007EA420 /* Welcome.storyboard */; };
		155AD7371EF481E0007EA420 /* HomeViewController.swift in Sources */ = {isa = PBXBuildFile; fileRef = 155AD7361EF481E0007EA420 /* HomeViewController.swift */; };
		155AD7391EF483F0007EA420 /* TutorialPageViewController.swift in Sources */ = {isa = PBXBuildFile; fileRef = 155AD7381EF483F0007EA420 /* TutorialPageViewController.swift */; };
		155AD73B1EF4A414007EA420 /* finalwelcomeViewController.swift in Sources */ = {isa = PBXBuildFile; fileRef = 155AD73A1EF4A414007EA420 /* finalwelcomeViewController.swift */; };
		190746A71EEF14D800A2539D /* Donation.swift in Sources */ = {isa = PBXBuildFile; fileRef = 190746A61EEF14D700A2539D /* Donation.swift */; };
		199C12161EEC4B1E00CF0611 /* ProfileViewController.swift in Sources */ = {isa = PBXBuildFile; fileRef = 199C12151EEC4B1E00CF0611 /* ProfileViewController.swift */; };
		59206E0D1EF070A900D74229 /* DonationCreationTableViewController.swift in Sources */ = {isa = PBXBuildFile; fileRef = 59206E0C1EF070A900D74229 /* DonationCreationTableViewController.swift */; };
		59206E111EF073C500D74229 /* Donations.storyboard in Resources */ = {isa = PBXBuildFile; fileRef = 59206E101EF073C500D74229 /* Donations.storyboard */; };
		595A49951EF412D900679C8D /* Login.storyboard in Resources */ = {isa = PBXBuildFile; fileRef = 595A49941EF412D900679C8D /* Login.storyboard */; };
		595A49971EF42B1500679C8D /* LoginViewController.swift in Sources */ = {isa = PBXBuildFile; fileRef = 595A49961EF42B1500679C8D /* LoginViewController.swift */; };
		595A49991EF4B8EB00679C8D /* DonatesTo.storyboard in Resources */ = {isa = PBXBuildFile; fileRef = 595A49981EF4B8EB00679C8D /* DonatesTo.storyboard */; };
		596AF36B1EEF229E003010F0 /* DonationTableViewCell.swift in Sources */ = {isa = PBXBuildFile; fileRef = 596AF36A1EEF229E003010F0 /* DonationTableViewCell.swift */; };
		596AF36F1EEF29EB003010F0 /* Utils.swift in Sources */ = {isa = PBXBuildFile; fileRef = 596AF36E1EEF29EB003010F0 /* Utils.swift */; };
		596E52C61EE1F7A1009D9F85 /* Assets.xcassets in Resources */ = {isa = PBXBuildFile; fileRef = 596E52C51EE1F7A1009D9F85 /* Assets.xcassets */; };
		59804EB41EF3240500B58E5A /* NewDonationTableViewCell.swift in Sources */ = {isa = PBXBuildFile; fileRef = 596AF36C1EEF285E003010F0 /* NewDonationTableViewCell.swift */; };
		598288371EEB344600221079 /* Info.storyboard in Resources */ = {isa = PBXBuildFile; fileRef = 5982882E1EEB344600221079 /* Info.storyboard */; };
		598288381EEB344600221079 /* Landing.storyboard in Resources */ = {isa = PBXBuildFile; fileRef = 5982882F1EEB344600221079 /* Landing.storyboard */; };
		598288391EEB344600221079 /* Main.storyboard in Resources */ = {isa = PBXBuildFile; fileRef = 598288301EEB344600221079 /* Main.storyboard */; };
		5982883A1EEB344600221079 /* Map.storyboard in Resources */ = {isa = PBXBuildFile; fileRef = 598288311EEB344600221079 /* Map.storyboard */; };
		5982883C1EEB344600221079 /* Profile.storyboard in Resources */ = {isa = PBXBuildFile; fileRef = 598288331EEB344600221079 /* Profile.storyboard */; };
		5982883D1EEB344600221079 /* Storyboard.storyboard in Resources */ = {isa = PBXBuildFile; fileRef = 598288341EEB344600221079 /* Storyboard.storyboard */; };
		5982883E1EEB344600221079 /* Test.storyboard in Resources */ = {isa = PBXBuildFile; fileRef = 598288351EEB344600221079 /* Test.storyboard */; };
		598288401EEB373000221079 /* Info.plist in Resources */ = {isa = PBXBuildFile; fileRef = 5982883F1EEB373000221079 /* Info.plist */; };
		5982884A1EEB3A8B00221079 /* CameraViewController.swift in Sources */ = {isa = PBXBuildFile; fileRef = 598288221EEB342B00221079 /* CameraViewController.swift */; };
		5982884B1EEB3A8B00221079 /* InfoCollectionViewController.swift in Sources */ = {isa = PBXBuildFile; fileRef = 598288231EEB342B00221079 /* InfoCollectionViewController.swift */; };
		5982884C1EEB3A8B00221079 /* MapViewController.swift in Sources */ = {isa = PBXBuildFile; fileRef = 598288241EEB342B00221079 /* MapViewController.swift */; };
		5982884D1EEB3A8B00221079 /* PhotosTableViewController.swift in Sources */ = {isa = PBXBuildFile; fileRef = 598288251EEB342B00221079 /* PhotosTableViewController.swift */; };
		5982884F1EEB3A8B00221079 /* User.swift in Sources */ = {isa = PBXBuildFile; fileRef = 1959C19C1EEB0B0700455576 /* User.swift */; };
		598288501EEB3A8B00221079 /* BankCollectionViewCell.swift in Sources */ = {isa = PBXBuildFile; fileRef = 598288411EEB374C00221079 /* BankCollectionViewCell.swift */; };
		598288511EEB3A8B00221079 /* FIRDataObject.swift in Sources */ = {isa = PBXBuildFile; fileRef = 598288421EEB374C00221079 /* FIRDataObject.swift */; };
		598288521EEB3A8B00221079 /* Hemocentro.swift in Sources */ = {isa = PBXBuildFile; fileRef = 598288431EEB374C00221079 /* Hemocentro.swift */; };
		598288531EEB3A8B00221079 /* ProcessCollectionViewCell.swift in Sources */ = {isa = PBXBuildFile; fileRef = 598288441EEB374C00221079 /* ProcessCollectionViewCell.swift */; };
		598288541EEB3A8B00221079 /* AppDelegate.swift in Sources */ = {isa = PBXBuildFile; fileRef = 596E52BE1EE1F7A1009D9F85 /* AppDelegate.swift */; };
		598288551EEB3A8B00221079 /* ViewController.swift in Sources */ = {isa = PBXBuildFile; fileRef = 596E52C01EE1F7A1009D9F85 /* ViewController.swift */; };
		59AA9C8F1EEF137F004D7436 /* DonationTableViewController.swift in Sources */ = {isa = PBXBuildFile; fileRef = 59AA9C8E1EEF137F004D7436 /* DonationTableViewController.swift */; };
		AAFDD07E744DEAE46CEB712B /* Pods_MiniChallenge03.framework in Frameworks */ = {isa = PBXBuildFile; fileRef = FA1FCF4829502C7328890DF6 /* Pods_MiniChallenge03.framework */; };
		D8D0124D1EE86B9500112374 /* GoogleService-Info.plist in Resources */ = {isa = PBXBuildFile; fileRef = D8D0124C1EE86B9500112374 /* GoogleService-Info.plist */; };
		D8D0126E1EE88E5500112374 /* MapKit.framework in Frameworks */ = {isa = PBXBuildFile; fileRef = D8D0126D1EE88E5500112374 /* MapKit.framework */; };
		D8E06A231EEF107E00CF658A /* FirebaseConnection.swift in Sources */ = {isa = PBXBuildFile; fileRef = D8E06A221EEF107E00CF658A /* FirebaseConnection.swift */; };
		D8E06A251EF07B1A00CF658A /* Gender.swift in Sources */ = {isa = PBXBuildFile; fileRef = D8E06A241EF07B1A00CF658A /* Gender.swift */; };
		D8E06A271EF07B4A00CF658A /* BloodType.swift in Sources */ = {isa = PBXBuildFile; fileRef = D8E06A261EF07B4A00CF658A /* BloodType.swift */; };
/* End PBXBuildFile section */

/* Begin PBXFileReference section */
		155AD72C1EF1E01A007EA420 /* Photos.storyboard */ = {isa = PBXFileReference; fileEncoding = 4; lastKnownFileType = file.storyboard; path = Photos.storyboard; sourceTree = "<group>"; };
		155AD72E1EF1E1E3007EA420 /* CustomCameraViewController.swift */ = {isa = PBXFileReference; fileEncoding = 4; lastKnownFileType = sourcecode.swift; path = CustomCameraViewController.swift; sourceTree = "<group>"; };
		155AD7301EF1E52C007EA420 /* showpictureViewController.swift */ = {isa = PBXFileReference; fileEncoding = 4; lastKnownFileType = sourcecode.swift; path = showpictureViewController.swift; sourceTree = "<group>"; };
		155AD7321EF2D793007EA420 /* testViewController.swift */ = {isa = PBXFileReference; fileEncoding = 4; lastKnownFileType = sourcecode.swift; path = testViewController.swift; sourceTree = "<group>"; };
		155AD7341EF48045007EA420 /* Welcome.storyboard */ = {isa = PBXFileReference; fileEncoding = 4; lastKnownFileType = file.storyboard; path = Welcome.storyboard; sourceTree = "<group>"; };
		155AD7361EF481E0007EA420 /* HomeViewController.swift */ = {isa = PBXFileReference; fileEncoding = 4; lastKnownFileType = sourcecode.swift; path = HomeViewController.swift; sourceTree = "<group>"; };
		155AD7381EF483F0007EA420 /* TutorialPageViewController.swift */ = {isa = PBXFileReference; fileEncoding = 4; lastKnownFileType = sourcecode.swift; path = TutorialPageViewController.swift; sourceTree = "<group>"; };
		155AD73A1EF4A414007EA420 /* finalwelcomeViewController.swift */ = {isa = PBXFileReference; fileEncoding = 4; lastKnownFileType = sourcecode.swift; path = finalwelcomeViewController.swift; sourceTree = "<group>"; };
		155AD73D1EF4A68C007EA420 /* SFDisplay-Black.otf */ = {isa = PBXFileReference; lastKnownFileType = file; path = "SFDisplay-Black.otf"; sourceTree = "<group>"; };
		155AD73E1EF4A68C007EA420 /* SFDisplay-Bold.otf */ = {isa = PBXFileReference; lastKnownFileType = file; path = "SFDisplay-Bold.otf"; sourceTree = "<group>"; };
		155AD73F1EF4A68C007EA420 /* SFDisplay-Heavy.otf */ = {isa = PBXFileReference; lastKnownFileType = file; path = "SFDisplay-Heavy.otf"; sourceTree = "<group>"; };
		155AD7401EF4A68C007EA420 /* SFDisplay-Light.otf */ = {isa = PBXFileReference; lastKnownFileType = file; path = "SFDisplay-Light.otf"; sourceTree = "<group>"; };
		155AD7411EF4A68C007EA420 /* SFDisplay-Medium.otf */ = {isa = PBXFileReference; lastKnownFileType = file; path = "SFDisplay-Medium.otf"; sourceTree = "<group>"; };
		155AD7421EF4A68C007EA420 /* SFDisplay-Regular.otf */ = {isa = PBXFileReference; lastKnownFileType = file; path = "SFDisplay-Regular.otf"; sourceTree = "<group>"; };
		155AD7431EF4A68C007EA420 /* SFDisplay-Semibold.otf */ = {isa = PBXFileReference; lastKnownFileType = file; path = "SFDisplay-Semibold.otf"; sourceTree = "<group>"; };
		155AD7441EF4A68C007EA420 /* SFDisplay-Thin.otf */ = {isa = PBXFileReference; lastKnownFileType = file; path = "SFDisplay-Thin.otf"; sourceTree = "<group>"; };
		155AD7451EF4A68C007EA420 /* SFDisplay-Ultralight.otf */ = {isa = PBXFileReference; lastKnownFileType = file; path = "SFDisplay-Ultralight.otf"; sourceTree = "<group>"; };
		155AD7461EF4A68C007EA420 /* SFText-Bold.otf */ = {isa = PBXFileReference; lastKnownFileType = file; path = "SFText-Bold.otf"; sourceTree = "<group>"; };
		155AD7471EF4A68C007EA420 /* SFText-BoldItalic.otf */ = {isa = PBXFileReference; lastKnownFileType = file; path = "SFText-BoldItalic.otf"; sourceTree = "<group>"; };
		155AD7481EF4A68C007EA420 /* SFText-Heavy.otf */ = {isa = PBXFileReference; lastKnownFileType = file; path = "SFText-Heavy.otf"; sourceTree = "<group>"; };
		155AD7491EF4A68C007EA420 /* SFText-HeavyItalic.otf */ = {isa = PBXFileReference; lastKnownFileType = file; path = "SFText-HeavyItalic.otf"; sourceTree = "<group>"; };
		155AD74A1EF4A68C007EA420 /* SFText-Light.otf */ = {isa = PBXFileReference; lastKnownFileType = file; path = "SFText-Light.otf"; sourceTree = "<group>"; };
		155AD74B1EF4A68C007EA420 /* SFText-LightItalic.otf */ = {isa = PBXFileReference; lastKnownFileType = file; path = "SFText-LightItalic.otf"; sourceTree = "<group>"; };
		155AD74C1EF4A68C007EA420 /* SFText-Medium.otf */ = {isa = PBXFileReference; lastKnownFileType = file; path = "SFText-Medium.otf"; sourceTree = "<group>"; };
		155AD74D1EF4A68C007EA420 /* SFText-MediumItalic.otf */ = {isa = PBXFileReference; lastKnownFileType = file; path = "SFText-MediumItalic.otf"; sourceTree = "<group>"; };
		155AD74E1EF4A68C007EA420 /* SFText-Regular.otf */ = {isa = PBXFileReference; lastKnownFileType = file; path = "SFText-Regular.otf"; sourceTree = "<group>"; };
		155AD74F1EF4A68C007EA420 /* SFText-RegularItalic.otf */ = {isa = PBXFileReference; lastKnownFileType = file; path = "SFText-RegularItalic.otf"; sourceTree = "<group>"; };
		155AD7501EF4A68C007EA420 /* SFText-Semibold.otf */ = {isa = PBXFileReference; lastKnownFileType = file; path = "SFText-Semibold.otf"; sourceTree = "<group>"; };
		155AD7511EF4A68C007EA420 /* SFText-SemiboldItalic.otf */ = {isa = PBXFileReference; lastKnownFileType = file; path = "SFText-SemiboldItalic.otf"; sourceTree = "<group>"; };
		190746A61EEF14D700A2539D /* Donation.swift */ = {isa = PBXFileReference; fileEncoding = 4; lastKnownFileType = sourcecode.swift; path = Donation.swift; sourceTree = "<group>"; };
		1959C19C1EEB0B0700455576 /* User.swift */ = {isa = PBXFileReference; fileEncoding = 4; lastKnownFileType = sourcecode.swift; path = User.swift; sourceTree = "<group>"; };
		199C12151EEC4B1E00CF0611 /* ProfileViewController.swift */ = {isa = PBXFileReference; fileEncoding = 4; lastKnownFileType = sourcecode.swift; path = ProfileViewController.swift; sourceTree = "<group>"; };
		59206E0C1EF070A900D74229 /* DonationCreationTableViewController.swift */ = {isa = PBXFileReference; fileEncoding = 4; lastKnownFileType = sourcecode.swift; path = DonationCreationTableViewController.swift; sourceTree = "<group>"; };
		59206E101EF073C500D74229 /* Donations.storyboard */ = {isa = PBXFileReference; fileEncoding = 4; lastKnownFileType = file.storyboard; path = Donations.storyboard; sourceTree = "<group>"; };
		595A49941EF412D900679C8D /* Login.storyboard */ = {isa = PBXFileReference; fileEncoding = 4; lastKnownFileType = file.storyboard; path = Login.storyboard; sourceTree = "<group>"; };
		595A49961EF42B1500679C8D /* LoginViewController.swift */ = {isa = PBXFileReference; fileEncoding = 4; lastKnownFileType = sourcecode.swift; path = LoginViewController.swift; sourceTree = "<group>"; };
		595A49981EF4B8EB00679C8D /* DonatesTo.storyboard */ = {isa = PBXFileReference; fileEncoding = 4; lastKnownFileType = file.storyboard; path = DonatesTo.storyboard; sourceTree = "<group>"; };
		596AF36A1EEF229E003010F0 /* DonationTableViewCell.swift */ = {isa = PBXFileReference; fileEncoding = 4; lastKnownFileType = sourcecode.swift; path = DonationTableViewCell.swift; sourceTree = "<group>"; };
		596AF36C1EEF285E003010F0 /* NewDonationTableViewCell.swift */ = {isa = PBXFileReference; fileEncoding = 4; lastKnownFileType = sourcecode.swift; path = NewDonationTableViewCell.swift; sourceTree = "<group>"; };
		596AF36E1EEF29EB003010F0 /* Utils.swift */ = {isa = PBXFileReference; fileEncoding = 4; lastKnownFileType = sourcecode.swift; path = Utils.swift; sourceTree = "<group>"; };
		596E52BB1EE1F7A1009D9F85 /* MiniChallenge03.app */ = {isa = PBXFileReference; explicitFileType = wrapper.application; includeInIndex = 0; path = MiniChallenge03.app; sourceTree = BUILT_PRODUCTS_DIR; };
		596E52BE1EE1F7A1009D9F85 /* AppDelegate.swift */ = {isa = PBXFileReference; lastKnownFileType = sourcecode.swift; path = AppDelegate.swift; sourceTree = "<group>"; };
		596E52C01EE1F7A1009D9F85 /* ViewController.swift */ = {isa = PBXFileReference; lastKnownFileType = sourcecode.swift; path = ViewController.swift; sourceTree = "<group>"; };
		596E52C51EE1F7A1009D9F85 /* Assets.xcassets */ = {isa = PBXFileReference; lastKnownFileType = folder.assetcatalog; path = Assets.xcassets; sourceTree = "<group>"; };
		598288221EEB342B00221079 /* CameraViewController.swift */ = {isa = PBXFileReference; fileEncoding = 4; lastKnownFileType = sourcecode.swift; name = CameraViewController.swift; path = MiniChallenge03/CameraViewController.swift; sourceTree = "<group>"; };
		598288231EEB342B00221079 /* InfoCollectionViewController.swift */ = {isa = PBXFileReference; fileEncoding = 4; lastKnownFileType = sourcecode.swift; name = InfoCollectionViewController.swift; path = MiniChallenge03/InfoCollectionViewController.swift; sourceTree = "<group>"; };
		598288241EEB342B00221079 /* MapViewController.swift */ = {isa = PBXFileReference; fileEncoding = 4; lastKnownFileType = sourcecode.swift; name = MapViewController.swift; path = MiniChallenge03/MapViewController.swift; sourceTree = "<group>"; };
		598288251EEB342B00221079 /* PhotosTableViewController.swift */ = {isa = PBXFileReference; fileEncoding = 4; lastKnownFileType = sourcecode.swift; name = PhotosTableViewController.swift; path = MiniChallenge03/PhotosTableViewController.swift; sourceTree = "<group>"; };
		5982882E1EEB344600221079 /* Info.storyboard */ = {isa = PBXFileReference; fileEncoding = 4; lastKnownFileType = file.storyboard; path = Info.storyboard; sourceTree = "<group>"; };
		5982882F1EEB344600221079 /* Landing.storyboard */ = {isa = PBXFileReference; fileEncoding = 4; lastKnownFileType = file.storyboard; path = Landing.storyboard; sourceTree = "<group>"; };
		598288301EEB344600221079 /* Main.storyboard */ = {isa = PBXFileReference; fileEncoding = 4; lastKnownFileType = file.storyboard; path = Main.storyboard; sourceTree = "<group>"; };
		598288311EEB344600221079 /* Map.storyboard */ = {isa = PBXFileReference; fileEncoding = 4; lastKnownFileType = file.storyboard; path = Map.storyboard; sourceTree = "<group>"; };
		598288331EEB344600221079 /* Profile.storyboard */ = {isa = PBXFileReference; fileEncoding = 4; lastKnownFileType = file.storyboard; path = Profile.storyboard; sourceTree = "<group>"; };
		598288341EEB344600221079 /* Storyboard.storyboard */ = {isa = PBXFileReference; fileEncoding = 4; lastKnownFileType = file.storyboard; path = Storyboard.storyboard; sourceTree = "<group>"; };
		598288351EEB344600221079 /* Test.storyboard */ = {isa = PBXFileReference; fileEncoding = 4; lastKnownFileType = file.storyboard; path = Test.storyboard; sourceTree = "<group>"; };
		5982883F1EEB373000221079 /* Info.plist */ = {isa = PBXFileReference; fileEncoding = 4; lastKnownFileType = text.plist.xml; path = Info.plist; sourceTree = "<group>"; };
		598288411EEB374C00221079 /* BankCollectionViewCell.swift */ = {isa = PBXFileReference; fileEncoding = 4; lastKnownFileType = sourcecode.swift; path = BankCollectionViewCell.swift; sourceTree = "<group>"; };
		598288421EEB374C00221079 /* FIRDataObject.swift */ = {isa = PBXFileReference; fileEncoding = 4; lastKnownFileType = sourcecode.swift; path = FIRDataObject.swift; sourceTree = "<group>"; };
		598288431EEB374C00221079 /* Hemocentro.swift */ = {isa = PBXFileReference; fileEncoding = 4; lastKnownFileType = sourcecode.swift; path = Hemocentro.swift; sourceTree = "<group>"; };
		598288441EEB374C00221079 /* ProcessCollectionViewCell.swift */ = {isa = PBXFileReference; fileEncoding = 4; lastKnownFileType = sourcecode.swift; path = ProcessCollectionViewCell.swift; sourceTree = "<group>"; };
		59AA9C8E1EEF137F004D7436 /* DonationTableViewController.swift */ = {isa = PBXFileReference; fileEncoding = 4; lastKnownFileType = sourcecode.swift; path = DonationTableViewController.swift; sourceTree = "<group>"; };
		D8D0124C1EE86B9500112374 /* GoogleService-Info.plist */ = {isa = PBXFileReference; fileEncoding = 4; lastKnownFileType = text.plist.xml; path = "GoogleService-Info.plist"; sourceTree = "<group>"; };
		D8D0126D1EE88E5500112374 /* MapKit.framework */ = {isa = PBXFileReference; lastKnownFileType = wrapper.framework; name = MapKit.framework; path = System/Library/Frameworks/MapKit.framework; sourceTree = SDKROOT; };
		D8E06A221EEF107E00CF658A /* FirebaseConnection.swift */ = {isa = PBXFileReference; fileEncoding = 4; lastKnownFileType = sourcecode.swift; path = FirebaseConnection.swift; sourceTree = "<group>"; };
		D8E06A241EF07B1A00CF658A /* Gender.swift */ = {isa = PBXFileReference; fileEncoding = 4; lastKnownFileType = sourcecode.swift; path = Gender.swift; sourceTree = "<group>"; };
		D8E06A261EF07B4A00CF658A /* BloodType.swift */ = {isa = PBXFileReference; fileEncoding = 4; lastKnownFileType = sourcecode.swift; path = BloodType.swift; sourceTree = "<group>"; };
		EF07ED32864332EF6827DCF9 /* Pods-MiniChallenge03.release.xcconfig */ = {isa = PBXFileReference; includeInIndex = 1; lastKnownFileType = text.xcconfig; name = "Pods-MiniChallenge03.release.xcconfig"; path = "Pods/Target Support Files/Pods-MiniChallenge03/Pods-MiniChallenge03.release.xcconfig"; sourceTree = "<group>"; };
		F5B4D5C44B037065F9862B2F /* Pods-MiniChallenge03.debug.xcconfig */ = {isa = PBXFileReference; includeInIndex = 1; lastKnownFileType = text.xcconfig; name = "Pods-MiniChallenge03.debug.xcconfig"; path = "Pods/Target Support Files/Pods-MiniChallenge03/Pods-MiniChallenge03.debug.xcconfig"; sourceTree = "<group>"; };
		FA1FCF4829502C7328890DF6 /* Pods_MiniChallenge03.framework */ = {isa = PBXFileReference; explicitFileType = wrapper.framework; includeInIndex = 0; path = Pods_MiniChallenge03.framework; sourceTree = BUILT_PRODUCTS_DIR; };
/* End PBXFileReference section */

/* Begin PBXFrameworksBuildPhase section */
		596E52B81EE1F7A1009D9F85 /* Frameworks */ = {
			isa = PBXFrameworksBuildPhase;
			buildActionMask = 2147483647;
			files = (
				D8D0126E1EE88E5500112374 /* MapKit.framework in Frameworks */,
				AAFDD07E744DEAE46CEB712B /* Pods_MiniChallenge03.framework in Frameworks */,
			);
			runOnlyForDeploymentPostprocessing = 0;
		};
/* End PBXFrameworksBuildPhase section */

/* Begin PBXGroup section */
		155AD73C1EF4A666007EA420 /* Fonte */ = {
			isa = PBXGroup;
			children = (
				155AD73D1EF4A68C007EA420 /* SFDisplay-Black.otf */,
				155AD73E1EF4A68C007EA420 /* SFDisplay-Bold.otf */,
				155AD73F1EF4A68C007EA420 /* SFDisplay-Heavy.otf */,
				155AD7401EF4A68C007EA420 /* SFDisplay-Light.otf */,
				155AD7411EF4A68C007EA420 /* SFDisplay-Medium.otf */,
				155AD7421EF4A68C007EA420 /* SFDisplay-Regular.otf */,
				155AD7431EF4A68C007EA420 /* SFDisplay-Semibold.otf */,
				155AD7441EF4A68C007EA420 /* SFDisplay-Thin.otf */,
				155AD7451EF4A68C007EA420 /* SFDisplay-Ultralight.otf */,
				155AD7461EF4A68C007EA420 /* SFText-Bold.otf */,
				155AD7471EF4A68C007EA420 /* SFText-BoldItalic.otf */,
				155AD7481EF4A68C007EA420 /* SFText-Heavy.otf */,
				155AD7491EF4A68C007EA420 /* SFText-HeavyItalic.otf */,
				155AD74A1EF4A68C007EA420 /* SFText-Light.otf */,
				155AD74B1EF4A68C007EA420 /* SFText-LightItalic.otf */,
				155AD74C1EF4A68C007EA420 /* SFText-Medium.otf */,
				155AD74D1EF4A68C007EA420 /* SFText-MediumItalic.otf */,
				155AD74E1EF4A68C007EA420 /* SFText-Regular.otf */,
				155AD74F1EF4A68C007EA420 /* SFText-RegularItalic.otf */,
				155AD7501EF4A68C007EA420 /* SFText-Semibold.otf */,
				155AD7511EF4A68C007EA420 /* SFText-SemiboldItalic.otf */,
			);
			name = Fonte;
			sourceTree = "<group>";
		};
		1959C19B1EEB0AAE00455576 /* Entities */ = {
			isa = PBXGroup;
			children = (
				596AF36E1EEF29EB003010F0 /* Utils.swift */,
				1959C19C1EEB0B0700455576 /* User.swift */,
				598288411EEB374C00221079 /* BankCollectionViewCell.swift */,
				596AF36A1EEF229E003010F0 /* DonationTableViewCell.swift */,
				596AF36C1EEF285E003010F0 /* NewDonationTableViewCell.swift */,
				598288421EEB374C00221079 /* FIRDataObject.swift */,
				598288431EEB374C00221079 /* Hemocentro.swift */,
				598288441EEB374C00221079 /* ProcessCollectionViewCell.swift */,
				190746A61EEF14D700A2539D /* Donation.swift */,
				D8E06A241EF07B1A00CF658A /* Gender.swift */,
				D8E06A261EF07B4A00CF658A /* BloodType.swift */,
			);
			name = Entities;
			sourceTree = "<group>";
		};
		581F31A0554A278CD98DA651 /* Pods */ = {
			isa = PBXGroup;
			children = (
				F5B4D5C44B037065F9862B2F /* Pods-MiniChallenge03.debug.xcconfig */,
				EF07ED32864332EF6827DCF9 /* Pods-MiniChallenge03.release.xcconfig */,
			);
			name = Pods;
			sourceTree = "<group>";
		};
		596E52B21EE1F7A1009D9F85 = {
			isa = PBXGroup;
			children = (
				D8D0124C1EE86B9500112374 /* GoogleService-Info.plist */,
				596E52BD1EE1F7A1009D9F85 /* MiniChallenge03 */,
				596E52BC1EE1F7A1009D9F85 /* Products */,
				581F31A0554A278CD98DA651 /* Pods */,
			);
			sourceTree = "<group>";
		};
		596E52BC1EE1F7A1009D9F85 /* Products */ = {
			isa = PBXGroup;
			children = (
				596E52BB1EE1F7A1009D9F85 /* MiniChallenge03.app */,
			);
			name = Products;
			sourceTree = "<group>";
		};
		596E52BD1EE1F7A1009D9F85 /* MiniChallenge03 */ = {
			isa = PBXGroup;
			children = (
				155AD73C1EF4A666007EA420 /* Fonte */,
				5982881E1EEB2F9000221079 /* Storyboard */,
				7B985232E27F01B3726927BA /* Controller */,
				1959C19B1EEB0AAE00455576 /* Entities */,
				596E52BE1EE1F7A1009D9F85 /* AppDelegate.swift */,
				596E52C01EE1F7A1009D9F85 /* ViewController.swift */,
				5982883F1EEB373000221079 /* Info.plist */,
				596E52C51EE1F7A1009D9F85 /* Assets.xcassets */,
				D8E06A221EEF107E00CF658A /* FirebaseConnection.swift */,
			);
			path = MiniChallenge03;
			sourceTree = "<group>";
		};
		5982881E1EEB2F9000221079 /* Storyboard */ = {
			isa = PBXGroup;
			children = (
				5982882E1EEB344600221079 /* Info.storyboard */,
				5982882F1EEB344600221079 /* Landing.storyboard */,
				598288301EEB344600221079 /* Main.storyboard */,
				155AD72C1EF1E01A007EA420 /* Photos.storyboard */,
				595A49941EF412D900679C8D /* Login.storyboard */,
				59206E101EF073C500D74229 /* Donations.storyboard */,
				595A49981EF4B8EB00679C8D /* DonatesTo.storyboard */,
				598288311EEB344600221079 /* Map.storyboard */,
				598288331EEB344600221079 /* Profile.storyboard */,
				598288341EEB344600221079 /* Storyboard.storyboard */,
				598288351EEB344600221079 /* Test.storyboard */,
				155AD7341EF48045007EA420 /* Welcome.storyboard */,
			);
			name = Storyboard;
			sourceTree = "<group>";
		};
		7B985232E27F01B3726927BA /* Controller */ = {
			isa = PBXGroup;
			children = (
				155AD7321EF2D793007EA420 /* testViewController.swift */,
				598288221EEB342B00221079 /* CameraViewController.swift */,
				598288231EEB342B00221079 /* InfoCollectionViewController.swift */,
				598288241EEB342B00221079 /* MapViewController.swift */,
				59AA9C8E1EEF137F004D7436 /* DonationTableViewController.swift */,
				598288251EEB342B00221079 /* PhotosTableViewController.swift */,
				199C12151EEC4B1E00CF0611 /* ProfileViewController.swift */,
				59206E0C1EF070A900D74229 /* DonationCreationTableViewController.swift */,
				595A49961EF42B1500679C8D /* LoginViewController.swift */,
				155AD72E1EF1E1E3007EA420 /* CustomCameraViewController.swift */,
				155AD7301EF1E52C007EA420 /* showpictureViewController.swift */,
				155AD7361EF481E0007EA420 /* HomeViewController.swift */,
				155AD7381EF483F0007EA420 /* TutorialPageViewController.swift */,
				155AD73A1EF4A414007EA420 /* finalwelcomeViewController.swift */,
			);
			name = Controller;
			path = ..;
			sourceTree = "<group>";
		};
/* End PBXGroup section */

/* Begin PBXNativeTarget section */
		596E52BA1EE1F7A1009D9F85 /* MiniChallenge03 */ = {
			isa = PBXNativeTarget;
			buildConfigurationList = 596E52CD1EE1F7A1009D9F85 /* Build configuration list for PBXNativeTarget "MiniChallenge03" */;
			buildPhases = (
				CF424478EBA56FB7CA41D638 /* [CP] Check Pods Manifest.lock */,
				596E52B71EE1F7A1009D9F85 /* Sources */,
				596E52B81EE1F7A1009D9F85 /* Frameworks */,
				596E52B91EE1F7A1009D9F85 /* Resources */,
				BEED338A72AC235FD732267B /* [CP] Embed Pods Frameworks */,
				2257CF45E5C4EC7A7FDB1F7F /* [CP] Copy Pods Resources */,
			);
			buildRules = (
			);
			dependencies = (
			);
			name = MiniChallenge03;
			productName = MiniChallenge03;
			productReference = 596E52BB1EE1F7A1009D9F85 /* MiniChallenge03.app */;
			productType = "com.apple.product-type.application";
		};
/* End PBXNativeTarget section */

/* Begin PBXProject section */
		596E52B31EE1F7A1009D9F85 /* Project object */ = {
			isa = PBXProject;
			attributes = {
				LastSwiftUpdateCheck = 0830;
				LastUpgradeCheck = 0830;
				ORGANIZATIONNAME = "Julio Brazil LTDA";
				TargetAttributes = {
					596E52BA1EE1F7A1009D9F85 = {
						CreatedOnToolsVersion = 8.3.2;
						DevelopmentTeam = CVX58B2KAX;
						ProvisioningStyle = Automatic;
						SystemCapabilities = {
							com.apple.Maps.iOS = {
								enabled = 1;
							};
						};
					};
				};
			};
			buildConfigurationList = 596E52B61EE1F7A1009D9F85 /* Build configuration list for PBXProject "MiniChallenge03" */;
			compatibilityVersion = "Xcode 3.2";
			developmentRegion = English;
			hasScannedForEncodings = 0;
			knownRegions = (
				en,
				Base,
			);
			mainGroup = 596E52B21EE1F7A1009D9F85;
			productRefGroup = 596E52BC1EE1F7A1009D9F85 /* Products */;
			projectDirPath = "";
			projectRoot = "";
			targets = (
				596E52BA1EE1F7A1009D9F85 /* MiniChallenge03 */,
			);
		};
/* End PBXProject section */

/* Begin PBXResourcesBuildPhase section */
		596E52B91EE1F7A1009D9F85 /* Resources */ = {
			isa = PBXResourcesBuildPhase;
			buildActionMask = 2147483647;
			files = (
				596E52C61EE1F7A1009D9F85 /* Assets.xcassets in Resources */,
				5982883A1EEB344600221079 /* Map.storyboard in Resources */,
				595A49991EF4B8EB00679C8D /* DonatesTo.storyboard in Resources */,
				59206E111EF073C500D74229 /* Donations.storyboard in Resources */,
				598288381EEB344600221079 /* Landing.storyboard in Resources */,
				D8D0124D1EE86B9500112374 /* GoogleService-Info.plist in Resources */,
				598288391EEB344600221079 /* Main.storyboard in Resources */,
				5982883C1EEB344600221079 /* Profile.storyboard in Resources */,
				598288371EEB344600221079 /* Info.storyboard in Resources */,
				598288401EEB373000221079 /* Info.plist in Resources */,
				155AD72D1EF1E01A007EA420 /* Photos.storyboard in Resources */,
				5982883E1EEB344600221079 /* Test.storyboard in Resources */,
				5982883D1EEB344600221079 /* Storyboard.storyboard in Resources */,
				595A49951EF412D900679C8D /* Login.storyboard in Resources */,
				155AD7351EF48045007EA420 /* Welcome.storyboard in Resources */,
			);
			runOnlyForDeploymentPostprocessing = 0;
		};
/* End PBXResourcesBuildPhase section */

/* Begin PBXShellScriptBuildPhase section */
		2257CF45E5C4EC7A7FDB1F7F /* [CP] Copy Pods Resources */ = {
			isa = PBXShellScriptBuildPhase;
			buildActionMask = 2147483647;
			files = (
			);
			inputPaths = (
			);
			name = "[CP] Copy Pods Resources";
			outputPaths = (
			);
			runOnlyForDeploymentPostprocessing = 0;
			shellPath = /bin/sh;
			shellScript = "\"${SRCROOT}/Pods/Target Support Files/Pods-MiniChallenge03/Pods-MiniChallenge03-resources.sh\"\n";
			showEnvVarsInLog = 0;
		};
		BEED338A72AC235FD732267B /* [CP] Embed Pods Frameworks */ = {
			isa = PBXShellScriptBuildPhase;
			buildActionMask = 2147483647;
			files = (
			);
			inputPaths = (
			);
			name = "[CP] Embed Pods Frameworks";
			outputPaths = (
			);
			runOnlyForDeploymentPostprocessing = 0;
			shellPath = /bin/sh;
			shellScript = "\"${SRCROOT}/Pods/Target Support Files/Pods-MiniChallenge03/Pods-MiniChallenge03-frameworks.sh\"\n";
			showEnvVarsInLog = 0;
		};
		CF424478EBA56FB7CA41D638 /* [CP] Check Pods Manifest.lock */ = {
			isa = PBXShellScriptBuildPhase;
			buildActionMask = 2147483647;
			files = (
			);
			inputPaths = (
			);
			name = "[CP] Check Pods Manifest.lock";
			outputPaths = (
			);
			runOnlyForDeploymentPostprocessing = 0;
			shellPath = /bin/sh;
			shellScript = "diff \"${PODS_ROOT}/../Podfile.lock\" \"${PODS_ROOT}/Manifest.lock\" > /dev/null\nif [ $? != 0 ] ; then\n    # print error to STDERR\n    echo \"error: The sandbox is not in sync with the Podfile.lock. Run 'pod install' or update your CocoaPods installation.\" >&2\n    exit 1\nfi\n";
			showEnvVarsInLog = 0;
		};
/* End PBXShellScriptBuildPhase section */

/* Begin PBXSourcesBuildPhase section */
		596E52B71EE1F7A1009D9F85 /* Sources */ = {
			isa = PBXSourcesBuildPhase;
			buildActionMask = 2147483647;
			files = (
				5982884A1EEB3A8B00221079 /* CameraViewController.swift in Sources */,
				59AA9C8F1EEF137F004D7436 /* DonationTableViewController.swift in Sources */,
				5982884B1EEB3A8B00221079 /* InfoCollectionViewController.swift in Sources */,
				155AD72F1EF1E1E3007EA420 /* CustomCameraViewController.swift in Sources */,
				155AD73B1EF4A414007EA420 /* finalwelcomeViewController.swift in Sources */,
				596AF36B1EEF229E003010F0 /* DonationTableViewCell.swift in Sources */,
				5982884C1EEB3A8B00221079 /* MapViewController.swift in Sources */,
				5982884D1EEB3A8B00221079 /* PhotosTableViewController.swift in Sources */,
				5982884F1EEB3A8B00221079 /* User.swift in Sources */,
				59206E0D1EF070A900D74229 /* DonationCreationTableViewController.swift in Sources */,
				190746A71EEF14D800A2539D /* Donation.swift in Sources */,
				596AF36F1EEF29EB003010F0 /* Utils.swift in Sources */,
				155AD7371EF481E0007EA420 /* HomeViewController.swift in Sources */,
				598288501EEB3A8B00221079 /* BankCollectionViewCell.swift in Sources */,
				199C12161EEC4B1E00CF0611 /* ProfileViewController.swift in Sources */,
				155AD7391EF483F0007EA420 /* TutorialPageViewController.swift in Sources */,
				595A49971EF42B1500679C8D /* LoginViewController.swift in Sources */,
				D8E06A271EF07B4A00CF658A /* BloodType.swift in Sources */,
				598288511EEB3A8B00221079 /* FIRDataObject.swift in Sources */,
				598288521EEB3A8B00221079 /* Hemocentro.swift in Sources */,
				59804EB41EF3240500B58E5A /* NewDonationTableViewCell.swift in Sources */,
				598288531EEB3A8B00221079 /* ProcessCollectionViewCell.swift in Sources */,
				155AD7331EF2D793007EA420 /* testViewController.swift in Sources */,
				D8E06A251EF07B1A00CF658A /* Gender.swift in Sources */,
				598288541EEB3A8B00221079 /* AppDelegate.swift in Sources */,
				D8E06A231EEF107E00CF658A /* FirebaseConnection.swift in Sources */,
				155AD7311EF1E52C007EA420 /* showpictureViewController.swift in Sources */,
				598288551EEB3A8B00221079 /* ViewController.swift in Sources */,
			);
			runOnlyForDeploymentPostprocessing = 0;
		};
/* End PBXSourcesBuildPhase section */

/* Begin XCBuildConfiguration section */
		596E52CB1EE1F7A1009D9F85 /* Debug */ = {
			isa = XCBuildConfiguration;
			buildSettings = {
				ALWAYS_SEARCH_USER_PATHS = NO;
				CLANG_ANALYZER_NONNULL = YES;
				CLANG_ANALYZER_NUMBER_OBJECT_CONVERSION = YES_AGGRESSIVE;
				CLANG_CXX_LANGUAGE_STANDARD = "gnu++0x";
				CLANG_CXX_LIBRARY = "libc++";
				CLANG_ENABLE_MODULES = YES;
				CLANG_ENABLE_OBJC_ARC = YES;
				CLANG_WARN_BOOL_CONVERSION = YES;
				CLANG_WARN_CONSTANT_CONVERSION = YES;
				CLANG_WARN_DIRECT_OBJC_ISA_USAGE = YES_ERROR;
				CLANG_WARN_DOCUMENTATION_COMMENTS = YES;
				CLANG_WARN_EMPTY_BODY = YES;
				CLANG_WARN_ENUM_CONVERSION = YES;
				CLANG_WARN_INFINITE_RECURSION = YES;
				CLANG_WARN_INT_CONVERSION = YES;
				CLANG_WARN_OBJC_ROOT_CLASS = YES_ERROR;
				CLANG_WARN_SUSPICIOUS_MOVE = YES;
				CLANG_WARN_UNREACHABLE_CODE = YES;
				CLANG_WARN__DUPLICATE_METHOD_MATCH = YES;
				"CODE_SIGN_IDENTITY[sdk=iphoneos*]" = "iPhone Developer";
				COPY_PHASE_STRIP = NO;
				DEBUG_INFORMATION_FORMAT = dwarf;
				ENABLE_STRICT_OBJC_MSGSEND = YES;
				ENABLE_TESTABILITY = YES;
				GCC_C_LANGUAGE_STANDARD = gnu99;
				GCC_DYNAMIC_NO_PIC = NO;
				GCC_NO_COMMON_BLOCKS = YES;
				GCC_OPTIMIZATION_LEVEL = 0;
				GCC_PREPROCESSOR_DEFINITIONS = (
					"DEBUG=1",
					"$(inherited)",
				);
				GCC_WARN_64_TO_32_BIT_CONVERSION = YES;
				GCC_WARN_ABOUT_RETURN_TYPE = YES_ERROR;
				GCC_WARN_UNDECLARED_SELECTOR = YES;
				GCC_WARN_UNINITIALIZED_AUTOS = YES_AGGRESSIVE;
				GCC_WARN_UNUSED_FUNCTION = YES;
				GCC_WARN_UNUSED_VARIABLE = YES;
				IPHONEOS_DEPLOYMENT_TARGET = 10.3;
				MTL_ENABLE_DEBUG_INFO = YES;
				ONLY_ACTIVE_ARCH = YES;
				SDKROOT = iphoneos;
				SWIFT_ACTIVE_COMPILATION_CONDITIONS = DEBUG;
				SWIFT_OPTIMIZATION_LEVEL = "-Onone";
				TARGETED_DEVICE_FAMILY = 2;
			};
			name = Debug;
		};
		596E52CC1EE1F7A1009D9F85 /* Release */ = {
			isa = XCBuildConfiguration;
			buildSettings = {
				ALWAYS_SEARCH_USER_PATHS = NO;
				CLANG_ANALYZER_NONNULL = YES;
				CLANG_ANALYZER_NUMBER_OBJECT_CONVERSION = YES_AGGRESSIVE;
				CLANG_CXX_LANGUAGE_STANDARD = "gnu++0x";
				CLANG_CXX_LIBRARY = "libc++";
				CLANG_ENABLE_MODULES = YES;
				CLANG_ENABLE_OBJC_ARC = YES;
				CLANG_WARN_BOOL_CONVERSION = YES;
				CLANG_WARN_CONSTANT_CONVERSION = YES;
				CLANG_WARN_DIRECT_OBJC_ISA_USAGE = YES_ERROR;
				CLANG_WARN_DOCUMENTATION_COMMENTS = YES;
				CLANG_WARN_EMPTY_BODY = YES;
				CLANG_WARN_ENUM_CONVERSION = YES;
				CLANG_WARN_INFINITE_RECURSION = YES;
				CLANG_WARN_INT_CONVERSION = YES;
				CLANG_WARN_OBJC_ROOT_CLASS = YES_ERROR;
				CLANG_WARN_SUSPICIOUS_MOVE = YES;
				CLANG_WARN_UNREACHABLE_CODE = YES;
				CLANG_WARN__DUPLICATE_METHOD_MATCH = YES;
				"CODE_SIGN_IDENTITY[sdk=iphoneos*]" = "iPhone Developer";
				COPY_PHASE_STRIP = NO;
				DEBUG_INFORMATION_FORMAT = "dwarf-with-dsym";
				ENABLE_NS_ASSERTIONS = NO;
				ENABLE_STRICT_OBJC_MSGSEND = YES;
				GCC_C_LANGUAGE_STANDARD = gnu99;
				GCC_NO_COMMON_BLOCKS = YES;
				GCC_WARN_64_TO_32_BIT_CONVERSION = YES;
				GCC_WARN_ABOUT_RETURN_TYPE = YES_ERROR;
				GCC_WARN_UNDECLARED_SELECTOR = YES;
				GCC_WARN_UNINITIALIZED_AUTOS = YES_AGGRESSIVE;
				GCC_WARN_UNUSED_FUNCTION = YES;
				GCC_WARN_UNUSED_VARIABLE = YES;
				IPHONEOS_DEPLOYMENT_TARGET = 10.3;
				MTL_ENABLE_DEBUG_INFO = NO;
				SDKROOT = iphoneos;
				SWIFT_OPTIMIZATION_LEVEL = "-Owholemodule";
				TARGETED_DEVICE_FAMILY = 2;
				VALIDATE_PRODUCT = YES;
			};
			name = Release;
		};
		596E52CE1EE1F7A1009D9F85 /* Debug */ = {
			isa = XCBuildConfiguration;
			baseConfigurationReference = F5B4D5C44B037065F9862B2F /* Pods-MiniChallenge03.debug.xcconfig */;
			buildSettings = {
				ASSETCATALOG_COMPILER_APPICON_NAME = AppIcon;
				DEVELOPMENT_TEAM = CVX58B2KAX;
				INFOPLIST_FILE = MiniChallenge03/Info.plist;
				LD_RUNPATH_SEARCH_PATHS = "$(inherited) @executable_path/Frameworks";
				PRODUCT_BUNDLE_IDENTIFIER = com.br.mackmobile.brazil.julio.MiniChallenge03;
				PRODUCT_NAME = "$(TARGET_NAME)";
				SWIFT_VERSION = 3.0;
				TARGETED_DEVICE_FAMILY = 1;
			};
			name = Debug;
		};
		596E52CF1EE1F7A1009D9F85 /* Release */ = {
			isa = XCBuildConfiguration;
			baseConfigurationReference = EF07ED32864332EF6827DCF9 /* Pods-MiniChallenge03.release.xcconfig */;
			buildSettings = {
				ASSETCATALOG_COMPILER_APPICON_NAME = AppIcon;
				DEVELOPMENT_TEAM = CVX58B2KAX;
				INFOPLIST_FILE = MiniChallenge03/Info.plist;
				LD_RUNPATH_SEARCH_PATHS = "$(inherited) @executable_path/Frameworks";
				PRODUCT_BUNDLE_IDENTIFIER = com.br.mackmobile.brazil.julio.MiniChallenge03;
				PRODUCT_NAME = "$(TARGET_NAME)";
				SWIFT_VERSION = 3.0;
				TARGETED_DEVICE_FAMILY = 1;
			};
			name = Release;
		};
/* End XCBuildConfiguration section */

/* Begin XCConfigurationList section */
		596E52B61EE1F7A1009D9F85 /* Build configuration list for PBXProject "MiniChallenge03" */ = {
			isa = XCConfigurationList;
			buildConfigurations = (
				596E52CB1EE1F7A1009D9F85 /* Debug */,
				596E52CC1EE1F7A1009D9F85 /* Release */,
			);
			defaultConfigurationIsVisible = 0;
			defaultConfigurationName = Release;
		};
		596E52CD1EE1F7A1009D9F85 /* Build configuration list for PBXNativeTarget "MiniChallenge03" */ = {
			isa = XCConfigurationList;
			buildConfigurations = (
				596E52CE1EE1F7A1009D9F85 /* Debug */,
				596E52CF1EE1F7A1009D9F85 /* Release */,
			);
			defaultConfigurationIsVisible = 0;
			defaultConfigurationName = Release;
		};
/* End XCConfigurationList section */
	};
	rootObject = 596E52B31EE1F7A1009D9F85 /* Project object */;
}
